
Microsoft Visual Studio Solution File, Format Version 12.00
# Visual Studio Version 17
VisualStudioVersion = 17.5.001.0
MinimumVisualStudioVersion = 10.0.40219.1
Project("{9A19103F-16F7-4668-BE54-9A1E7A4F7556}") = "Elsa", "Elsa.csproj", "{911123BB-2ED5-421F-86F3-84F9B9E8994C}"
EndProject
Global
	GlobalSection(SolutionConfigurationPlatforms) = preSolution
		Debug|Any CPU = Debug|Any CPU
		Release|Any CPU = Release|Any CPU
	EndGlobalSection
	GlobalSection(ProjectConfigurationPlatforms) = postSolution
		{911123BB-2ED5-421F-86F3-84F9B9E8994C}.Debug|Any CPU.ActiveCfg = Debug|Any CPU
		{911123BB-2ED5-421F-86F3-84F9B9E8994C}.Debug|Any CPU.Build.0 = Debug|Any CPU
		{911123BB-2ED5-421F-86F3-84F9B9E8994C}.Release|Any CPU.ActiveCfg = Release|Any CPU
		{911123BB-2ED5-421F-86F3-84F9B9E8994C}.Release|Any CPU.Build.0 = Release|Any CPU
	EndGlobalSection
	GlobalSection(SolutionProperties) = preSolution
		HideSolutionNode = FALSE
	EndGlobalSection
	GlobalSection(ExtensibilityGlobals) = postSolution
		SolutionGuid = {B4FDF6EB-A7C1-4A22-BBCF-6A16D4E077FB}
	EndGlobalSection
EndGlobal
